
Microsoft Visual Studio Solution File, Format Version 12.00
# Visual Studio Version 17
VisualStudioVersion = 17.8.34511.84
MinimumVisualStudioVersion = 10.0.40219.1
Project("{FAE04EC0-301F-11D3-BF4B-00C04F79EFBC}") = "Lab1", "Lab1\Lab1.csproj", "{2046D3E8-0D8E-4A5E-A0AA-51C357805D0E}"
EndProject
Global
	GlobalSection(SolutionConfigurationPlatforms) = preSolution
		Debug|Any CPU = Debug|Any CPU
		Release|Any CPU = Release|Any CPU
	EndGlobalSection
	GlobalSection(ProjectConfigurationPlatforms) = postSolution
		{2046D3E8-0D8E-4A5E-A0AA-51C357805D0E}.Debug|Any CPU.ActiveCfg = Debug|Any CPU
		{2046D3E8-0D8E-4A5E-A0AA-51C357805D0E}.Debug|Any CPU.Build.0 = Debug|Any CPU
		{2046D3E8-0D8E-4A5E-A0AA-51C357805D0E}.Release|Any CPU.ActiveCfg = Release|Any CPU
		{2046D3E8-0D8E-4A5E-A0AA-51C357805D0E}.Release|Any CPU.Build.0 = Release|Any CPU
	EndGlobalSection
	GlobalSection(SolutionProperties) = preSolution
		HideSolutionNode = FALSE
	EndGlobalSection
	GlobalSection(ExtensibilityGlobals) = postSolution
		SolutionGuid = {DD65B0BC-7636-4EE1-A0C6-EA4A4AF7C791}
	EndGlobalSection
EndGlobal
